
Microsoft Visual Studio Solution File, Format Version 12.00
Project("{FAE04EC0-301F-11D3-BF4B-00C04F79EFBC}") = "SBC-Control", "SBC-Control\SBC-Control.csproj", "{3E62B221-169E-4EA5-BD6A-6810BC5B76A7}"
EndProject
Global
	GlobalSection(SolutionConfigurationPlatforms) = preSolution
		Debug|Any CPU = Debug|Any CPU
		Release|Any CPU = Release|Any CPU
	EndGlobalSection
	GlobalSection(ProjectConfigurationPlatforms) = postSolution
		{3E62B221-169E-4EA5-BD6A-6810BC5B76A7}.Debug|Any CPU.ActiveCfg = Debug|Any CPU
		{3E62B221-169E-4EA5-BD6A-6810BC5B76A7}.Debug|Any CPU.Build.0 = Debug|Any CPU
		{3E62B221-169E-4EA5-BD6A-6810BC5B76A7}.Release|Any CPU.ActiveCfg = Release|Any CPU
		{3E62B221-169E-4EA5-BD6A-6810BC5B76A7}.Release|Any CPU.Build.0 = Release|Any CPU
	EndGlobalSection
EndGlobal
